
Microsoft Visual Studio Solution File, Format Version 12.00
# Visual Studio Version 16
VisualStudioVersion = 16.0.31702.278
MinimumVisualStudioVersion = 10.0.40219.1
Project("{FAE04EC0-301F-11D3-BF4B-00C04F79EFBC}") = "AgendaCSharp", "AgendaCSharp\AgendaCSharp.csproj", "{C6D5C616-FC5A-4638-8DA8-FF179BDB7B15}"
EndProject
Global
	GlobalSection(SolutionConfigurationPlatforms) = preSolution
		Debug|Any CPU = Debug|Any CPU
		Release|Any CPU = Release|Any CPU
	EndGlobalSection
	GlobalSection(ProjectConfigurationPlatforms) = postSolution
		{C6D5C616-FC5A-4638-8DA8-FF179BDB7B15}.Debug|Any CPU.ActiveCfg = Debug|Any CPU
		{C6D5C616-FC5A-4638-8DA8-FF179BDB7B15}.Debug|Any CPU.Build.0 = Debug|Any CPU
		{C6D5C616-FC5A-4638-8DA8-FF179BDB7B15}.Release|Any CPU.ActiveCfg = Release|Any CPU
		{C6D5C616-FC5A-4638-8DA8-FF179BDB7B15}.Release|Any CPU.Build.0 = Release|Any CPU
	EndGlobalSection
	GlobalSection(SolutionProperties) = preSolution
		HideSolutionNode = FALSE
	EndGlobalSection
	GlobalSection(ExtensibilityGlobals) = postSolution
		SolutionGuid = {033BA69E-CE9D-423F-8CCF-D5D52C64C2B6}
	EndGlobalSection
EndGlobal
